
Microsoft Visual Studio Solution File, Format Version 12.00
# Visual Studio Version 17
VisualStudioVersion = 17.8.34309.116
MinimumVisualStudioVersion = 10.0.40219.1
Project("{FAE04EC0-301F-11D3-BF4B-00C04F79EFBC}") = "Lista1 POO1", "Lista1 POO1\Lista1 POO1.csproj", "{7B2B810B-ED7C-4962-8490-6A13AEC16DDA}"
EndProject
Global
	GlobalSection(SolutionConfigurationPlatforms) = preSolution
		Debug|Any CPU = Debug|Any CPU
		Release|Any CPU = Release|Any CPU
	EndGlobalSection
	GlobalSection(ProjectConfigurationPlatforms) = postSolution
		{7B2B810B-ED7C-4962-8490-6A13AEC16DDA}.Debug|Any CPU.ActiveCfg = Debug|Any CPU
		{7B2B810B-ED7C-4962-8490-6A13AEC16DDA}.Debug|Any CPU.Build.0 = Debug|Any CPU
		{7B2B810B-ED7C-4962-8490-6A13AEC16DDA}.Release|Any CPU.ActiveCfg = Release|Any CPU
		{7B2B810B-ED7C-4962-8490-6A13AEC16DDA}.Release|Any CPU.Build.0 = Release|Any CPU
	EndGlobalSection
	GlobalSection(SolutionProperties) = preSolution
		HideSolutionNode = FALSE
	EndGlobalSection
	GlobalSection(ExtensibilityGlobals) = postSolution
		SolutionGuid = {470D61C9-6D4E-4A7E-A165-BCA0B7E06BC4}
	EndGlobalSection
EndGlobal
